// !$*UTF8*$!
{
	archiveVersion = 1;
	classes = {
	};
	objectVersion = 56;
	objects = {

/* Begin PBXBuildFile section */
		2B9DED802BFC5D50009ED7F5 /* AppDelegate.swift in Sources */ = {isa = PBXBuildFile; fileRef = 2B9DED7F2BFC5D50009ED7F5 /* AppDelegate.swift */; };
		2B9DED822BFC5D50009ED7F5 /* SceneDelegate.swift in Sources */ = {isa = PBXBuildFile; fileRef = 2B9DED812BFC5D50009ED7F5 /* SceneDelegate.swift */; };
		2B9DED842BFC5D50009ED7F5 /* ViewController.swift in Sources */ = {isa = PBXBuildFile; fileRef = 2B9DED832BFC5D50009ED7F5 /* ViewController.swift */; };
		2B9DED892BFC5D51009ED7F5 /* Assets.xcassets in Resources */ = {isa = PBXBuildFile; fileRef = 2B9DED882BFC5D51009ED7F5 /* Assets.xcassets */; };
		2B9DED8C2BFC5D51009ED7F5 /* LaunchScreen.storyboard in Resources */ = {isa = PBXBuildFile; fileRef = 2B9DED8A2BFC5D51009ED7F5 /* LaunchScreen.storyboard */; };
		2B9DED982BFC6AFD009ED7F5 /* serverInteraction.swift in Sources */ = {isa = PBXBuildFile; fileRef = 2B9DED952BFC6AFD009ED7F5 /* serverInteraction.swift */; };
		2B9DED992BFC6AFD009ED7F5 /* Note.swift in Sources */ = {isa = PBXBuildFile; fileRef = 2B9DED962BFC6AFD009ED7F5 /* Note.swift */; };
		2B9DED9A2BFC6AFD009ED7F5 /* NotesError.swift in Sources */ = {isa = PBXBuildFile; fileRef = 2B9DED972BFC6AFD009ED7F5 /* NotesError.swift */; };
		2BA2F51B2C36730F004A8DEE /* Markdown.swift in Sources */ = {isa = PBXBuildFile; fileRef = 2BA2F51A2C36730F004A8DEE /* Markdown.swift */; };
/* End PBXBuildFile section */

/* Begin PBXFileReference section */
		2B9DED7C2BFC5D50009ED7F5 /* NotesClient.app */ = {isa = PBXFileReference; explicitFileType = wrapper.application; includeInIndex = 0; path = NotesClient.app; sourceTree = BUILT_PRODUCTS_DIR; };
		2B9DED7F2BFC5D50009ED7F5 /* AppDelegate.swift */ = {isa = PBXFileReference; lastKnownFileType = sourcecode.swift; path = AppDelegate.swift; sourceTree = "<group>"; };
		2B9DED812BFC5D50009ED7F5 /* SceneDelegate.swift */ = {isa = PBXFileReference; lastKnownFileType = sourcecode.swift; path = SceneDelegate.swift; sourceTree = "<group>"; };
		2B9DED832BFC5D50009ED7F5 /* ViewController.swift */ = {isa = PBXFileReference; lastKnownFileType = sourcecode.swift; path = ViewController.swift; sourceTree = "<group>"; };
		2B9DED882BFC5D51009ED7F5 /* Assets.xcassets */ = {isa = PBXFileReference; lastKnownFileType = folder.assetcatalog; path = Assets.xcassets; sourceTree = "<group>"; };
		2B9DED8B2BFC5D51009ED7F5 /* Base */ = {isa = PBXFileReference; lastKnownFileType = file.storyboard; name = Base; path = Base.lproj/LaunchScreen.storyboard; sourceTree = "<group>"; };
		2B9DED8D2BFC5D51009ED7F5 /* Info.plist */ = {isa = PBXFileReference; lastKnownFileType = text.plist.xml; path = Info.plist; sourceTree = "<group>"; };
		2B9DED952BFC6AFD009ED7F5 /* serverInteraction.swift */ = {isa = PBXFileReference; fileEncoding = 4; lastKnownFileType = sourcecode.swift; path = serverInteraction.swift; sourceTree = "<group>"; };
		2B9DED962BFC6AFD009ED7F5 /* Note.swift */ = {isa = PBXFileReference; fileEncoding = 4; lastKnownFileType = sourcecode.swift; path = Note.swift; sourceTree = "<group>"; };
		2B9DED972BFC6AFD009ED7F5 /* NotesError.swift */ = {isa = PBXFileReference; fileEncoding = 4; lastKnownFileType = sourcecode.swift; path = NotesError.swift; sourceTree = "<group>"; };
		2BA2F51A2C36730F004A8DEE /* Markdown.swift */ = {isa = PBXFileReference; lastKnownFileType = sourcecode.swift; path = Markdown.swift; sourceTree = "<group>"; };
/* End PBXFileReference section */

/* Begin PBXFrameworksBuildPhase section */
		2B9DED792BFC5D50009ED7F5 /* Frameworks */ = {
			isa = PBXFrameworksBuildPhase;
			buildActionMask = 2147483647;
			files = (
			);
			runOnlyForDeploymentPostprocessing = 0;
		};
/* End PBXFrameworksBuildPhase section */

/* Begin PBXGroup section */
		2B9DED732BFC5D50009ED7F5 = {
			isa = PBXGroup;
			children = (
				2B9DED7E2BFC5D50009ED7F5 /* NotesClient */,
				2B9DED7D2BFC5D50009ED7F5 /* Products */,
			);
			sourceTree = "<group>";
		};
		2B9DED7D2BFC5D50009ED7F5 /* Products */ = {
			isa = PBXGroup;
			children = (
				2B9DED7C2BFC5D50009ED7F5 /* NotesClient.app */,
			);
			name = Products;
			sourceTree = "<group>";
		};
		2B9DED7E2BFC5D50009ED7F5 /* NotesClient */ = {
			isa = PBXGroup;
			children = (
				2B9DED7F2BFC5D50009ED7F5 /* AppDelegate.swift */,
				2B9DED812BFC5D50009ED7F5 /* SceneDelegate.swift */,
				2B9DED832BFC5D50009ED7F5 /* ViewController.swift */,
				2BA2F51A2C36730F004A8DEE /* Markdown.swift */,
				2B9DED962BFC6AFD009ED7F5 /* Note.swift */,
				2B9DED972BFC6AFD009ED7F5 /* NotesError.swift */,
				2B9DED952BFC6AFD009ED7F5 /* serverInteraction.swift */,
				2B9DED882BFC5D51009ED7F5 /* Assets.xcassets */,
				2B9DED8A2BFC5D51009ED7F5 /* LaunchScreen.storyboard */,
				2B9DED8D2BFC5D51009ED7F5 /* Info.plist */,
			);
			path = NotesClient;
			sourceTree = "<group>";
		};
/* End PBXGroup section */

/* Begin PBXNativeTarget section */
		2B9DED7B2BFC5D50009ED7F5 /* NotesClient */ = {
			isa = PBXNativeTarget;
			buildConfigurationList = 2B9DED902BFC5D51009ED7F5 /* Build configuration list for PBXNativeTarget "NotesClient" */;
			buildPhases = (
				2B9DED782BFC5D50009ED7F5 /* Sources */,
				2B9DED792BFC5D50009ED7F5 /* Frameworks */,
				2B9DED7A2BFC5D50009ED7F5 /* Resources */,
			);
			buildRules = (
			);
			dependencies = (
			);
			name = NotesClient;
			packageProductDependencies = (
			);
			productName = NotesClient;
			productReference = 2B9DED7C2BFC5D50009ED7F5 /* NotesClient.app */;
			productType = "com.apple.product-type.application";
		};
/* End PBXNativeTarget section */

/* Begin PBXProject section */
		2B9DED742BFC5D50009ED7F5 /* Project object */ = {
			isa = PBXProject;
			attributes = {
				BuildIndependentTargetsInParallel = 1;
				LastSwiftUpdateCheck = 1520;
				LastUpgradeCheck = 1520;
				TargetAttributes = {
					2B9DED7B2BFC5D50009ED7F5 = {
						CreatedOnToolsVersion = 15.2;
					};
				};
			};
			buildConfigurationList = 2B9DED772BFC5D50009ED7F5 /* Build configuration list for PBXProject "NotesClient" */;
			compatibilityVersion = "Xcode 14.0";
			developmentRegion = en;
			hasScannedForEncodings = 0;
			knownRegions = (
				en,
				Base,
			);
			mainGroup = 2B9DED732BFC5D50009ED7F5;
			packageReferences = (
			);
			productRefGroup = 2B9DED7D2BFC5D50009ED7F5 /* Products */;
			projectDirPath = "";
			projectRoot = "";
			targets = (
				2B9DED7B2BFC5D50009ED7F5 /* NotesClient */,
			);
		};
/* End PBXProject section */

/* Begin PBXResourcesBuildPhase section */
		2B9DED7A2BFC5D50009ED7F5 /* Resources */ = {
			isa = PBXResourcesBuildPhase;
			buildActionMask = 2147483647;
			files = (
				2B9DED8C2BFC5D51009ED7F5 /* LaunchScreen.storyboard in Resources */,
				2B9DED892BFC5D51009ED7F5 /* Assets.xcassets in Resources */,
			);
			runOnlyForDeploymentPostprocessing = 0;
		};
/* End PBXResourcesBuildPhase section */

/* Begin PBXSourcesBuildPhase section */
		2B9DED782BFC5D50009ED7F5 /* Sources */ = {
			isa = PBXSourcesBuildPhase;
			buildActionMask = 2147483647;
			files = (
				2B9DED842BFC5D50009ED7F5 /* ViewController.swift in Sources */,
				2B9DED802BFC5D50009ED7F5 /* AppDelegate.swift in Sources */,
				2B9DED982BFC6AFD009ED7F5 /* serverInteraction.swift in Sources */,
				2B9DED822BFC5D50009ED7F5 /* SceneDelegate.swift in Sources */,
				2BA2F51B2C36730F004A8DEE /* Markdown.swift in Sources */,
				2B9DED9A2BFC6AFD009ED7F5 /* NotesError.swift in Sources */,
				2B9DED992BFC6AFD009ED7F5 /* Note.swift in Sources */,
			);
			runOnlyForDeploymentPostprocessing = 0;
		};
/* End PBXSourcesBuildPhase section */

/* Begin PBXVariantGroup section */
		2B9DED8A2BFC5D51009ED7F5 /* LaunchScreen.storyboard */ = {
			isa = PBXVariantGroup;
			children = (
				2B9DED8B2BFC5D51009ED7F5 /* Base */,
			);
			name = LaunchScreen.storyboard;
			sourceTree = "<group>";
		};
/* End PBXVariantGroup section */

/* Begin XCBuildConfiguration section */
		2B9DED8E2BFC5D51009ED7F5 /* Debug */ = {
			isa = XCBuildConfiguration;
			buildSettings = {
				ALWAYS_SEARCH_USER_PATHS = NO;
				ASSETCATALOG_COMPILER_GENERATE_SWIFT_ASSET_SYMBOL_EXTENSIONS = YES;
				CLANG_ANALYZER_NONNULL = YES;
				CLANG_ANALYZER_NUMBER_OBJECT_CONVERSION = YES_AGGRESSIVE;
				CLANG_CXX_LANGUAGE_STANDARD = "gnu++20";
				CLANG_ENABLE_MODULES = YES;
				CLANG_ENABLE_OBJC_ARC = YES;
				CLANG_ENABLE_OBJC_WEAK = YES;
				CLANG_WARN_BLOCK_CAPTURE_AUTORELEASING = YES;
				CLANG_WARN_BOOL_CONVERSION = YES;
				CLANG_WARN_COMMA = YES;
				CLANG_WARN_CONSTANT_CONVERSION = YES;
				CLANG_WARN_DEPRECATED_OBJC_IMPLEMENTATIONS = YES;
				CLANG_WARN_DIRECT_OBJC_ISA_USAGE = YES_ERROR;
				CLANG_WARN_DOCUMENTATION_COMMENTS = YES;
				CLANG_WARN_EMPTY_BODY = YES;
				CLANG_WARN_ENUM_CONVERSION = YES;
				CLANG_WARN_INFINITE_RECURSION = YES;
				CLANG_WARN_INT_CONVERSION = YES;
				CLANG_WARN_NON_LITERAL_NULL_CONVERSION = YES;
				CLANG_WARN_OBJC_IMPLICIT_RETAIN_SELF = YES;
				CLANG_WARN_OBJC_LITERAL_CONVERSION = YES;
				CLANG_WARN_OBJC_ROOT_CLASS = YES_ERROR;
				CLANG_WARN_QUOTED_INCLUDE_IN_FRAMEWORK_HEADER = YES;
				CLANG_WARN_RANGE_LOOP_ANALYSIS = YES;
				CLANG_WARN_STRICT_PROTOTYPES = YES;
				CLANG_WARN_SUSPICIOUS_MOVE = YES;
				CLANG_WARN_UNGUARDED_AVAILABILITY = YES_AGGRESSIVE;
				CLANG_WARN_UNREACHABLE_CODE = YES;
				CLANG_WARN__DUPLICATE_METHOD_MATCH = YES;
				COPY_PHASE_STRIP = NO;
				DEBUG_INFORMATION_FORMAT = dwarf;
				ENABLE_STRICT_OBJC_MSGSEND = YES;
				ENABLE_TESTABILITY = YES;
				ENABLE_USER_SCRIPT_SANDBOXING = YES;
				GCC_C_LANGUAGE_STANDARD = gnu17;
				GCC_DYNAMIC_NO_PIC = NO;
				GCC_NO_COMMON_BLOCKS = YES;
				GCC_OPTIMIZATION_LEVEL = 0;
				GCC_PREPROCESSOR_DEFINITIONS = (
					"DEBUG=1",
					"$(inherited)",
				);
				GCC_WARN_64_TO_32_BIT_CONVERSION = YES;
				GCC_WARN_ABOUT_RETURN_TYPE = YES_ERROR;
				GCC_WARN_UNDECLARED_SELECTOR = YES;
				GCC_WARN_UNINITIALIZED_AUTOS = YES_AGGRESSIVE;
				GCC_WARN_UNUSED_FUNCTION = YES;
				GCC_WARN_UNUSED_VARIABLE = YES;
				IPHONEOS_DEPLOYMENT_TARGET = 17.2;
				LOCALIZATION_PREFERS_STRING_CATALOGS = YES;
				MTL_ENABLE_DEBUG_INFO = INCLUDE_SOURCE;
				MTL_FAST_MATH = YES;
				ONLY_ACTIVE_ARCH = YES;
				SDKROOT = iphoneos;
				SWIFT_ACTIVE_COMPILATION_CONDITIONS = "DEBUG $(inherited)";
				SWIFT_OPTIMIZATION_LEVEL = "-Onone";
			};
			name = Debug;
		};
		2B9DED8F2BFC5D51009ED7F5 /* Release */ = {
			isa = XCBuildConfiguration;
			buildSettings = {
				ALWAYS_SEARCH_USER_PATHS = NO;
				ASSETCATALOG_COMPILER_GENERATE_SWIFT_ASSET_SYMBOL_EXTENSIONS = YES;
				CLANG_ANALYZER_NONNULL = YES;
				CLANG_ANALYZER_NUMBER_OBJECT_CONVERSION = YES_AGGRESSIVE;
				CLANG_CXX_LANGUAGE_STANDARD = "gnu++20";
				CLANG_ENABLE_MODULES = YES;
				CLANG_ENABLE_OBJC_ARC = YES;
				CLANG_ENABLE_OBJC_WEAK = YES;
				CLANG_WARN_BLOCK_CAPTURE_AUTORELEASING = YES;
				CLANG_WARN_BOOL_CONVERSION = YES;
				CLANG_WARN_COMMA = YES;
				CLANG_WARN_CONSTANT_CONVERSION = YES;
				CLANG_WARN_DEPRECATED_OBJC_IMPLEMENTATIONS = YES;
				CLANG_WARN_DIRECT_OBJC_ISA_USAGE = YES_ERROR;
				CLANG_WARN_DOCUMENTATION_COMMENTS = YES;
				CLANG_WARN_EMPTY_BODY = YES;
				CLANG_WARN_ENUM_CONVERSION = YES;
				CLANG_WARN_INFINITE_RECURSION = YES;
				CLANG_WARN_INT_CONVERSION = YES;
				CLANG_WARN_NON_LITERAL_NULL_CONVERSION = YES;
				CLANG_WARN_OBJC_IMPLICIT_RETAIN_SELF = YES;
				CLANG_WARN_OBJC_LITERAL_CONVERSION = YES;
				CLANG_WARN_OBJC_ROOT_CLASS = YES_ERROR;
				CLANG_WARN_QUOTED_INCLUDE_IN_FRAMEWORK_HEADER = YES;
				CLANG_WARN_RANGE_LOOP_ANALYSIS = YES;
				CLANG_WARN_STRICT_PROTOTYPES = YES;
				CLANG_WARN_SUSPICIOUS_MOVE = YES;
				CLANG_WARN_UNGUARDED_AVAILABILITY = YES_AGGRESSIVE;
				CLANG_WARN_UNREACHABLE_CODE = YES;
				CLANG_WARN__DUPLICATE_METHOD_MATCH = YES;
				COPY_PHASE_STRIP = NO;
				DEBUG_INFORMATION_FORMAT = "dwarf-with-dsym";
				ENABLE_NS_ASSERTIONS = NO;
				ENABLE_STRICT_OBJC_MSGSEND = YES;
				ENABLE_USER_SCRIPT_SANDBOXING = YES;
				GCC_C_LANGUAGE_STANDARD = gnu17;
				GCC_NO_COMMON_BLOCKS = YES;
				GCC_WARN_64_TO_32_BIT_CONVERSION = YES;
				GCC_WARN_ABOUT_RETURN_TYPE = YES_ERROR;
				GCC_WARN_UNDECLARED_SELECTOR = YES;
				GCC_WARN_UNINITIALIZED_AUTOS = YES_AGGRESSIVE;
				GCC_WARN_UNUSED_FUNCTION = YES;
				GCC_WARN_UNUSED_VARIABLE = YES;
				IPHONEOS_DEPLOYMENT_TARGET = 17.2;
				LOCALIZATION_PREFERS_STRING_CATALOGS = YES;
				MTL_ENABLE_DEBUG_INFO = NO;
				MTL_FAST_MATH = YES;
				SDKROOT = iphoneos;
				SWIFT_COMPILATION_MODE = wholemodule;
				VALIDATE_PRODUCT = YES;
			};
			name = Release;
		};
		2B9DED912BFC5D51009ED7F5 /* Debug */ = {
			isa = XCBuildConfiguration;
			buildSettings = {
				ASSETCATALOG_COMPILER_APPICON_NAME = AppIcon;
				ASSETCATALOG_COMPILER_GLOBAL_ACCENT_COLOR_NAME = AccentColor;
				CODE_SIGN_STYLE = Automatic;
				CURRENT_PROJECT_VERSION = 1;
				DEVELOPMENT_TEAM = S88S4ZNV86;
				GENERATE_INFOPLIST_FILE = YES;
				INFOPLIST_FILE = NotesClient/Info.plist;
				INFOPLIST_KEY_UIApplicationSupportsIndirectInputEvents = YES;
				INFOPLIST_KEY_UILaunchStoryboardName = LaunchScreen;
				INFOPLIST_KEY_UIMainStoryboardFile = "";
				INFOPLIST_KEY_UISupportedInterfaceOrientations_iPad = "UIInterfaceOrientationPortrait UIInterfaceOrientationPortraitUpsideDown UIInterfaceOrientationLandscapeLeft UIInterfaceOrientationLandscapeRight";
				INFOPLIST_KEY_UISupportedInterfaceOrientations_iPhone = "UIInterfaceOrientationPortrait UIInterfaceOrientationLandscapeLeft UIInterfaceOrientationLandscapeRight";
				LD_RUNPATH_SEARCH_PATHS = (
					"$(inherited)",
					"@executable_path/Frameworks",
				);
				MARKETING_VERSION = 1.0;
				PRODUCT_BUNDLE_IDENTIFIER = antdon.NotesClient;
				PRODUCT_NAME = "$(TARGET_NAME)";
				SWIFT_EMIT_LOC_STRINGS = YES;
				SWIFT_VERSION = 5.0;
				TARGETED_DEVICE_FAMILY = "1,2";
			};
			name = Debug;
		};
		2B9DED922BFC5D51009ED7F5 /* Release */ = {
			isa = XCBuildConfiguration;
			buildSettings = {
				ASSETCATALOG_COMPILER_APPICON_NAME = AppIcon;
				ASSETCATALOG_COMPILER_GLOBAL_ACCENT_COLOR_NAME = AccentColor;
				CODE_SIGN_STYLE = Automatic;
				CURRENT_PROJECT_VERSION = 1;
				DEVELOPMENT_TEAM = S88S4ZNV86;
				GENERATE_INFOPLIST_FILE = YES;
				INFOPLIST_FILE = NotesClient/Info.plist;
				INFOPLIST_KEY_UIApplicationSupportsIndirectInputEvents = YES;
				INFOPLIST_KEY_UILaunchStoryboardName = LaunchScreen;
				INFOPLIST_KEY_UIMainStoryboardFile = "";
				INFOPLIST_KEY_UISupportedInterfaceOrientations_iPad = "UIInterfaceOrientationPortrait UIInterfaceOrientationPortraitUpsideDown UIInterfaceOrientationLandscapeLeft UIInterfaceOrientationLandscapeRight";
				INFOPLIST_KEY_UISupportedInterfaceOrientations_iPhone = "UIInterfaceOrientationPortrait UIInterfaceOrientationLandscapeLeft UIInterfaceOrientationLandscapeRight";
				LD_RUNPATH_SEARCH_PATHS = (
					"$(inherited)",
					"@executable_path/Frameworks",
				);
				MARKETING_VERSION = 1.0;
				PRODUCT_BUNDLE_IDENTIFIER = antdon.NotesClient;
				PRODUCT_NAME = "$(TARGET_NAME)";
				SWIFT_EMIT_LOC_STRINGS = YES;
				SWIFT_VERSION = 5.0;
				TARGETED_DEVICE_FAMILY = "1,2";
			};
			name = Release;
		};
/* End XCBuildConfiguration section */

/* Begin XCConfigurationList section */
		2B9DED772BFC5D50009ED7F5 /* Build configuration list for PBXProject "NotesClient" */ = {
			isa = XCConfigurationList;
			buildConfigurations = (
				2B9DED8E2BFC5D51009ED7F5 /* Debug */,
				2B9DED8F2BFC5D51009ED7F5 /* Release */,
			);
			defaultConfigurationIsVisible = 0;
			defaultConfigurationName = Release;
		};
		2B9DED902BFC5D51009ED7F5 /* Build configuration list for PBXNativeTarget "NotesClient" */ = {
			isa = XCConfigurationList;
			buildConfigurations = (
				2B9DED912BFC5D51009ED7F5 /* Debug */,
				2B9DED922BFC5D51009ED7F5 /* Release */,
			);
			defaultConfigurationIsVisible = 0;
			defaultConfigurationName = Release;
		};
/* End XCConfigurationList section */
	};
	rootObject = 2B9DED742BFC5D50009ED7F5 /* Project object */;
}
